# @generated by Move, please check-in and do not edit manually.

[move]
version = 3
manifest_digest = "056C35DBF6F20E00C8677DC7686B4D2FD070C65A16E6032DDEA8A6F530B0EB1B"
deps_digest = "3C4103934B1E040BB6B23F1D610B4EF9F2F1166A50A104EADCF77467C004C600"
dependencies = [
  { id = "MoveStdlib", name = "MoveStdlib" },
  { id = "One", name = "One" },
]

[[move.package]]
id = "MoveStdlib"
source = { git = "https://github.com/one-chain-labs/onechain.git", rev = "main", subdir = "crates/sui-framework/packages/move-stdlib" }

[[move.package]]
id = "One"
source = { git = "https://github.com/one-chain-labs/onechain.git", rev = "main", subdir = "crates/sui-framework/packages/one-framework" }

dependencies = [
  { id = "MoveStdlib", name = "MoveStdlib" },
]

[move.toolchain-version]
compiler-version = "1.0.1"
edition = "2024.beta"
flavor = "one"

[env]

[env.testnet]
chain-id = "1bd5c965"
original-published-id = "0x3db2eaff3a4cff558fe73e6d2f10496fb56c8fe59b48527b620e35e5d55485bc"
latest-published-id = "0x3db2eaff3a4cff558fe73e6d2f10496fb56c8fe59b48527b620e35e5d55485bc"
published-version = "1"
